
Microsoft Visual Studio Solution File, Format Version 12.00
# Visual Studio 15
VisualStudioVersion = 15.0.28307.572
MinimumVisualStudioVersion = 10.0.40219.1
Project("{888888A0-9F3D-457C-B088-3A5042F75D52}") = "basicproject", "basicproject\basicproject.pyproj", "{945952F1-5971-4E2C-ADE4-39A32F29D8DF}"
EndProject
Global
	GlobalSection(SolutionConfigurationPlatforms) = preSolution
		Debug|Any CPU = Debug|Any CPU
		Release|Any CPU = Release|Any CPU
	EndGlobalSection
	GlobalSection(ProjectConfigurationPlatforms) = postSolution
		{945952F1-5971-4E2C-ADE4-39A32F29D8DF}.Debug|Any CPU.ActiveCfg = Debug|Any CPU
		{945952F1-5971-4E2C-ADE4-39A32F29D8DF}.Debug|Any CPU.Build.0 = Debug|Any CPU
		{945952F1-5971-4E2C-ADE4-39A32F29D8DF}.Release|Any CPU.ActiveCfg = Release|Any CPU
		{945952F1-5971-4E2C-ADE4-39A32F29D8DF}.Release|Any CPU.Build.0 = Release|Any CPU
	EndGlobalSection
	GlobalSection(SolutionProperties) = preSolution
		HideSolutionNode = FALSE
	EndGlobalSection
	GlobalSection(ExtensibilityGlobals) = postSolution
		SolutionGuid = {20726C92-C13A-4C72-90AF-DDD4367B826F}
	EndGlobalSection
EndGlobal
